// !$*UTF8*$!
{
	archiveVersion = 1;
	classes = {
	};
	objectVersion = 50;
	objects = {

/* Begin PBXBuildFile section */
		437B885424BF62B40073C533 /* AppDelegate.m in Sources */ = {isa = PBXBuildFile; fileRef = 437B885324BF62B40073C533 /* AppDelegate.m */; };
		437B885724BF62B40073C533 /* SceneDelegate.m in Sources */ = {isa = PBXBuildFile; fileRef = 437B885624BF62B40073C533 /* SceneDelegate.m */; };
		437B885A24BF62B40073C533 /* ViewController.m in Sources */ = {isa = PBXBuildFile; fileRef = 437B885924BF62B40073C533 /* ViewController.m */; };
		437B885D24BF62B40073C533 /* Main.storyboard in Resources */ = {isa = PBXBuildFile; fileRef = 437B885B24BF62B40073C533 /* Main.storyboard */; };
		437B885F24BF62B60073C533 /* Assets.xcassets in Resources */ = {isa = PBXBuildFile; fileRef = 437B885E24BF62B60073C533 /* Assets.xcassets */; };
		437B886224BF62B60073C533 /* LaunchScreen.storyboard in Resources */ = {isa = PBXBuildFile; fileRef = 437B886024BF62B60073C533 /* LaunchScreen.storyboard */; };
		437B886524BF62B60073C533 /* main.m in Sources */ = {isa = PBXBuildFile; fileRef = 437B886424BF62B60073C533 /* main.m */; };
		437B886F24BF62B60073C533 /* ElevateTests.m in Sources */ = {isa = PBXBuildFile; fileRef = 437B886E24BF62B60073C533 /* ElevateTests.m */; };
		437B887A24BF62B60073C533 /* ElevateUITests.m in Sources */ = {isa = PBXBuildFile; fileRef = 437B887924BF62B60073C533 /* ElevateUITests.m */; };
/* End PBXBuildFile section */

/* Begin PBXContainerItemProxy section */
		437B886B24BF62B60073C533 /* PBXContainerItemProxy */ = {
			isa = PBXContainerItemProxy;
			containerPortal = 437B884724BF62B40073C533 /* Project object */;
			proxyType = 1;
			remoteGlobalIDString = 437B884E24BF62B40073C533;
			remoteInfo = Elevate;
		};
		437B887624BF62B60073C533 /* PBXContainerItemProxy */ = {
			isa = PBXContainerItemProxy;
			containerPortal = 437B884724BF62B40073C533 /* Project object */;
			proxyType = 1;
			remoteGlobalIDString = 437B884E24BF62B40073C533;
			remoteInfo = Elevate;
		};
/* End PBXContainerItemProxy section */

/* Begin PBXFileReference section */
		437B884F24BF62B40073C533 /* Elevate.app */ = {isa = PBXFileReference; explicitFileType = wrapper.application; includeInIndex = 0; path = Elevate.app; sourceTree = BUILT_PRODUCTS_DIR; };
		437B885224BF62B40073C533 /* AppDelegate.h */ = {isa = PBXFileReference; lastKnownFileType = sourcecode.c.h; path = AppDelegate.h; sourceTree = "<group>"; };
		437B885324BF62B40073C533 /* AppDelegate.m */ = {isa = PBXFileReference; lastKnownFileType = sourcecode.c.objc; path = AppDelegate.m; sourceTree = "<group>"; };
		437B885524BF62B40073C533 /* SceneDelegate.h */ = {isa = PBXFileReference; lastKnownFileType = sourcecode.c.h; path = SceneDelegate.h; sourceTree = "<group>"; };
		437B885624BF62B40073C533 /* SceneDelegate.m */ = {isa = PBXFileReference; lastKnownFileType = sourcecode.c.objc; path = SceneDelegate.m; sourceTree = "<group>"; };
		437B885824BF62B40073C533 /* ViewController.h */ = {isa = PBXFileReference; lastKnownFileType = sourcecode.c.h; path = ViewController.h; sourceTree = "<group>"; };
		437B885924BF62B40073C533 /* ViewController.m */ = {isa = PBXFileReference; lastKnownFileType = sourcecode.c.objc; path = ViewController.m; sourceTree = "<group>"; };
		437B885C24BF62B40073C533 /* Base */ = {isa = PBXFileReference; lastKnownFileType = file.storyboard; name = Base; path = Base.lproj/Main.storyboard; sourceTree = "<group>"; };
		437B885E24BF62B60073C533 /* Assets.xcassets */ = {isa = PBXFileReference; lastKnownFileType = folder.assetcatalog; path = Assets.xcassets; sourceTree = "<group>"; };
		437B886124BF62B60073C533 /* Base */ = {isa = PBXFileReference; lastKnownFileType = file.storyboard; name = Base; path = Base.lproj/LaunchScreen.storyboard; sourceTree = "<group>"; };
		437B886324BF62B60073C533 /* Info.plist */ = {isa = PBXFileReference; lastKnownFileType = text.plist.xml; path = Info.plist; sourceTree = "<group>"; };
		437B886424BF62B60073C533 /* main.m */ = {isa = PBXFileReference; lastKnownFileType = sourcecode.c.objc; path = main.m; sourceTree = "<group>"; };
		437B886A24BF62B60073C533 /* ElevateTests.xctest */ = {isa = PBXFileReference; explicitFileType = wrapper.cfbundle; includeInIndex = 0; path = ElevateTests.xctest; sourceTree = BUILT_PRODUCTS_DIR; };
		437B886E24BF62B60073C533 /* ElevateTests.m */ = {isa = PBXFileReference; lastKnownFileType = sourcecode.c.objc; path = ElevateTests.m; sourceTree = "<group>"; };
		437B887024BF62B60073C533 /* Info.plist */ = {isa = PBXFileReference; lastKnownFileType = text.plist.xml; path = Info.plist; sourceTree = "<group>"; };
		437B887524BF62B60073C533 /* ElevateUITests.xctest */ = {isa = PBXFileReference; explicitFileType = wrapper.cfbundle; includeInIndex = 0; path = ElevateUITests.xctest; sourceTree = BUILT_PRODUCTS_DIR; };
		437B887924BF62B60073C533 /* ElevateUITests.m */ = {isa = PBXFileReference; lastKnownFileType = sourcecode.c.objc; path = ElevateUITests.m; sourceTree = "<group>"; };
		437B887B24BF62B60073C533 /* Info.plist */ = {isa = PBXFileReference; lastKnownFileType = text.plist.xml; path = Info.plist; sourceTree = "<group>"; };
/* End PBXFileReference section */

/* Begin PBXFrameworksBuildPhase section */
		437B884C24BF62B40073C533 /* Frameworks */ = {
			isa = PBXFrameworksBuildPhase;
			buildActionMask = 2147483647;
			files = (
			);
			runOnlyForDeploymentPostprocessing = 0;
		};
		437B886724BF62B60073C533 /* Frameworks */ = {
			isa = PBXFrameworksBuildPhase;
			buildActionMask = 2147483647;
			files = (
			);
			runOnlyForDeploymentPostprocessing = 0;
		};
		437B887224BF62B60073C533 /* Frameworks */ = {
			isa = PBXFrameworksBuildPhase;
			buildActionMask = 2147483647;
			files = (
			);
			runOnlyForDeploymentPostprocessing = 0;
		};
/* End PBXFrameworksBuildPhase section */

/* Begin PBXGroup section */
		437B884624BF62B40073C533 = {
			isa = PBXGroup;
			children = (
				437B885124BF62B40073C533 /* Elevate */,
				437B886D24BF62B60073C533 /* ElevateTests */,
				437B887824BF62B60073C533 /* ElevateUITests */,
				437B885024BF62B40073C533 /* Products */,
			);
			sourceTree = "<group>";
		};
		437B885024BF62B40073C533 /* Products */ = {
			isa = PBXGroup;
			children = (
				437B884F24BF62B40073C533 /* Elevate.app */,
				437B886A24BF62B60073C533 /* ElevateTests.xctest */,
				437B887524BF62B60073C533 /* ElevateUITests.xctest */,
			);
			name = Products;
			sourceTree = "<group>";
		};
		437B885124BF62B40073C533 /* Elevate */ = {
			isa = PBXGroup;
			children = (
				437B885224BF62B40073C533 /* AppDelegate.h */,
				437B885324BF62B40073C533 /* AppDelegate.m */,
				437B885524BF62B40073C533 /* SceneDelegate.h */,
				437B885624BF62B40073C533 /* SceneDelegate.m */,
				437B885824BF62B40073C533 /* ViewController.h */,
				437B885924BF62B40073C533 /* ViewController.m */,
				437B885B24BF62B40073C533 /* Main.storyboard */,
				437B885E24BF62B60073C533 /* Assets.xcassets */,
				437B886024BF62B60073C533 /* LaunchScreen.storyboard */,
				437B886324BF62B60073C533 /* Info.plist */,
				437B886424BF62B60073C533 /* main.m */,
			);
			path = Elevate;
			sourceTree = "<group>";
		};
		437B886D24BF62B60073C533 /* ElevateTests */ = {
			isa = PBXGroup;
			children = (
				437B886E24BF62B60073C533 /* ElevateTests.m */,
				437B887024BF62B60073C533 /* Info.plist */,
			);
			path = ElevateTests;
			sourceTree = "<group>";
		};
		437B887824BF62B60073C533 /* ElevateUITests */ = {
			isa = PBXGroup;
			children = (
				437B887924BF62B60073C533 /* ElevateUITests.m */,
				437B887B24BF62B60073C533 /* Info.plist */,
			);
			path = ElevateUITests;
			sourceTree = "<group>";
		};
/* End PBXGroup section */

/* Begin PBXNativeTarget section */
		437B884E24BF62B40073C533 /* Elevate */ = {
			isa = PBXNativeTarget;
			buildConfigurationList = 437B887E24BF62B60073C533 /* Build configuration list for PBXNativeTarget "Elevate" */;
			buildPhases = (
				437B884B24BF62B40073C533 /* Sources */,
				437B884C24BF62B40073C533 /* Frameworks */,
				437B884D24BF62B40073C533 /* Resources */,
			);
			buildRules = (
			);
			dependencies = (
			);
			name = Elevate;
			productName = Elevate;
			productReference = 437B884F24BF62B40073C533 /* Elevate.app */;
			productType = "com.apple.product-type.application";
		};
		437B886924BF62B60073C533 /* ElevateTests */ = {
			isa = PBXNativeTarget;
			buildConfigurationList = 437B888124BF62B60073C533 /* Build configuration list for PBXNativeTarget "ElevateTests" */;
			buildPhases = (
				437B886624BF62B60073C533 /* Sources */,
				437B886724BF62B60073C533 /* Frameworks */,
				437B886824BF62B60073C533 /* Resources */,
			);
			buildRules = (
			);
			dependencies = (
				437B886C24BF62B60073C533 /* PBXTargetDependency */,
			);
			name = ElevateTests;
			productName = ElevateTests;
			productReference = 437B886A24BF62B60073C533 /* ElevateTests.xctest */;
			productType = "com.apple.product-type.bundle.unit-test";
		};
		437B887424BF62B60073C533 /* ElevateUITests */ = {
			isa = PBXNativeTarget;
			buildConfigurationList = 437B888424BF62B60073C533 /* Build configuration list for PBXNativeTarget "ElevateUITests" */;
			buildPhases = (
				437B887124BF62B60073C533 /* Sources */,
				437B887224BF62B60073C533 /* Frameworks */,
				437B887324BF62B60073C533 /* Resources */,
			);
			buildRules = (
			);
			dependencies = (
				437B887724BF62B60073C533 /* PBXTargetDependency */,
			);
			name = ElevateUITests;
			productName = ElevateUITests;
			productReference = 437B887524BF62B60073C533 /* ElevateUITests.xctest */;
			productType = "com.apple.product-type.bundle.ui-testing";
		};
/* End PBXNativeTarget section */

/* Begin PBXProject section */
		437B884724BF62B40073C533 /* Project object */ = {
			isa = PBXProject;
			attributes = {
				LastUpgradeCheck = 1150;
				ORGANIZATIONNAME = "Ogo-Oluwasobomi Popoola";
				TargetAttributes = {
					437B884E24BF62B40073C533 = {
						CreatedOnToolsVersion = 11.5;
					};
					437B886924BF62B60073C533 = {
						CreatedOnToolsVersion = 11.5;
						TestTargetID = 437B884E24BF62B40073C533;
					};
					437B887424BF62B60073C533 = {
						CreatedOnToolsVersion = 11.5;
						TestTargetID = 437B884E24BF62B40073C533;
					};
				};
			};
			buildConfigurationList = 437B884A24BF62B40073C533 /* Build configuration list for PBXProject "Elevate" */;
			compatibilityVersion = "Xcode 9.3";
			developmentRegion = en;
			hasScannedForEncodings = 0;
			knownRegions = (
				en,
				Base,
			);
			mainGroup = 437B884624BF62B40073C533;
			productRefGroup = 437B885024BF62B40073C533 /* Products */;
			projectDirPath = "";
			projectRoot = "";
			targets = (
				437B884E24BF62B40073C533 /* Elevate */,
				437B886924BF62B60073C533 /* ElevateTests */,
				437B887424BF62B60073C533 /* ElevateUITests */,
			);
		};
/* End PBXProject section */

/* Begin PBXResourcesBuildPhase section */
		437B884D24BF62B40073C533 /* Resources */ = {
			isa = PBXResourcesBuildPhase;
			buildActionMask = 2147483647;
			files = (
				437B886224BF62B60073C533 /* LaunchScreen.storyboard in Resources */,
				437B885F24BF62B60073C533 /* Assets.xcassets in Resources */,
				437B885D24BF62B40073C533 /* Main.storyboard in Resources */,
			);
			runOnlyForDeploymentPostprocessing = 0;
		};
		437B886824BF62B60073C533 /* Resources */ = {
			isa = PBXResourcesBuildPhase;
			buildActionMask = 2147483647;
			files = (
			);
			runOnlyForDeploymentPostprocessing = 0;
		};
		437B887324BF62B60073C533 /* Resources */ = {
			isa = PBXResourcesBuildPhase;
			buildActionMask = 2147483647;
			files = (
			);
			runOnlyForDeploymentPostprocessing = 0;
		};
/* End PBXResourcesBuildPhase section */

/* Begin PBXSourcesBuildPhase section */
		437B884B24BF62B40073C533 /* Sources */ = {
			isa = PBXSourcesBuildPhase;
			buildActionMask = 2147483647;
			files = (
				437B885A24BF62B40073C533 /* ViewController.m in Sources */,
				437B885424BF62B40073C533 /* AppDelegate.m in Sources */,
				437B886524BF62B60073C533 /* main.m in Sources */,
				437B885724BF62B40073C533 /* SceneDelegate.m in Sources */,
			);
			runOnlyForDeploymentPostprocessing = 0;
		};
		437B886624BF62B60073C533 /* Sources */ = {
			isa = PBXSourcesBuildPhase;
			buildActionMask = 2147483647;
			files = (
				437B886F24BF62B60073C533 /* ElevateTests.m in Sources */,
			);
			runOnlyForDeploymentPostprocessing = 0;
		};
		437B887124BF62B60073C533 /* Sources */ = {
			isa = PBXSourcesBuildPhase;
			buildActionMask = 2147483647;
			files = (
				437B887A24BF62B60073C533 /* ElevateUITests.m in Sources */,
			);
			runOnlyForDeploymentPostprocessing = 0;
		};
/* End PBXSourcesBuildPhase section */

/* Begin PBXTargetDependency section */
		437B886C24BF62B60073C533 /* PBXTargetDependency */ = {
			isa = PBXTargetDependency;
			target = 437B884E24BF62B40073C533 /* Elevate */;
			targetProxy = 437B886B24BF62B60073C533 /* PBXContainerItemProxy */;
		};
		437B887724BF62B60073C533 /* PBXTargetDependency */ = {
			isa = PBXTargetDependency;
			target = 437B884E24BF62B40073C533 /* Elevate */;
			targetProxy = 437B887624BF62B60073C533 /* PBXContainerItemProxy */;
		};
/* End PBXTargetDependency section */

/* Begin PBXVariantGroup section */
		437B885B24BF62B40073C533 /* Main.storyboard */ = {
			isa = PBXVariantGroup;
			children = (
				437B885C24BF62B40073C533 /* Base */,
			);
			name = Main.storyboard;
			sourceTree = "<group>";
		};
		437B886024BF62B60073C533 /* LaunchScreen.storyboard */ = {
			isa = PBXVariantGroup;
			children = (
				437B886124BF62B60073C533 /* Base */,
			);
			name = LaunchScreen.storyboard;
			sourceTree = "<group>";
		};
/* End PBXVariantGroup section */

/* Begin XCBuildConfiguration section */
		437B887C24BF62B60073C533 /* Debug */ = {
			isa = XCBuildConfiguration;
			buildSettings = {
				ALWAYS_SEARCH_USER_PATHS = NO;
				CLANG_ANALYZER_NONNULL = YES;
				CLANG_ANALYZER_NUMBER_OBJECT_CONVERSION = YES_AGGRESSIVE;
				CLANG_CXX_LANGUAGE_STANDARD = "gnu++14";
				CLANG_CXX_LIBRARY = "libc++";
				CLANG_ENABLE_MODULES = YES;
				CLANG_ENABLE_OBJC_ARC = YES;
				CLANG_ENABLE_OBJC_WEAK = YES;
				CLANG_WARN_BLOCK_CAPTURE_AUTORELEASING = YES;
				CLANG_WARN_BOOL_CONVERSION = YES;
				CLANG_WARN_COMMA = YES;
				CLANG_WARN_CONSTANT_CONVERSION = YES;
				CLANG_WARN_DEPRECATED_OBJC_IMPLEMENTATIONS = YES;
				CLANG_WARN_DIRECT_OBJC_ISA_USAGE = YES_ERROR;
				CLANG_WARN_DOCUMENTATION_COMMENTS = YES;
				CLANG_WARN_EMPTY_BODY = YES;
				CLANG_WARN_ENUM_CONVERSION = YES;
				CLANG_WARN_INFINITE_RECURSION = YES;
				CLANG_WARN_INT_CONVERSION = YES;
				CLANG_WARN_NON_LITERAL_NULL_CONVERSION = YES;
				CLANG_WARN_OBJC_IMPLICIT_RETAIN_SELF = YES;
				CLANG_WARN_OBJC_LITERAL_CONVERSION = YES;
				CLANG_WARN_OBJC_ROOT_CLASS = YES_ERROR;
				CLANG_WARN_RANGE_LOOP_ANALYSIS = YES;
				CLANG_WARN_STRICT_PROTOTYPES = YES;
				CLANG_WARN_SUSPICIOUS_MOVE = YES;
				CLANG_WARN_UNGUARDED_AVAILABILITY = YES_AGGRESSIVE;
				CLANG_WARN_UNREACHABLE_CODE = YES;
				CLANG_WARN__DUPLICATE_METHOD_MATCH = YES;
				COPY_PHASE_STRIP = NO;
				DEBUG_INFORMATION_FORMAT = dwarf;
				ENABLE_STRICT_OBJC_MSGSEND = YES;
				ENABLE_TESTABILITY = YES;
				GCC_C_LANGUAGE_STANDARD = gnu11;
				GCC_DYNAMIC_NO_PIC = NO;
				GCC_NO_COMMON_BLOCKS = YES;
				GCC_OPTIMIZATION_LEVEL = 0;
				GCC_PREPROCESSOR_DEFINITIONS = (
					"DEBUG=1",
					"$(inherited)",
				);
				GCC_WARN_64_TO_32_BIT_CONVERSION = YES;
				GCC_WARN_ABOUT_RETURN_TYPE = YES_ERROR;
				GCC_WARN_UNDECLARED_SELECTOR = YES;
				GCC_WARN_UNINITIALIZED_AUTOS = YES_AGGRESSIVE;
				GCC_WARN_UNUSED_FUNCTION = YES;
				GCC_WARN_UNUSED_VARIABLE = YES;
				IPHONEOS_DEPLOYMENT_TARGET = 13.5;
				MTL_ENABLE_DEBUG_INFO = INCLUDE_SOURCE;
				MTL_FAST_MATH = YES;
				ONLY_ACTIVE_ARCH = YES;
				SDKROOT = iphoneos;
			};
			name = Debug;
		};
		437B887D24BF62B60073C533 /* Release */ = {
			isa = XCBuildConfiguration;
			buildSettings = {
				ALWAYS_SEARCH_USER_PATHS = NO;
				CLANG_ANALYZER_NONNULL = YES;
				CLANG_ANALYZER_NUMBER_OBJECT_CONVERSION = YES_AGGRESSIVE;
				CLANG_CXX_LANGUAGE_STANDARD = "gnu++14";
				CLANG_CXX_LIBRARY = "libc++";
				CLANG_ENABLE_MODULES = YES;
				CLANG_ENABLE_OBJC_ARC = YES;
				CLANG_ENABLE_OBJC_WEAK = YES;
				CLANG_WARN_BLOCK_CAPTURE_AUTORELEASING = YES;
				CLANG_WARN_BOOL_CONVERSION = YES;
				CLANG_WARN_COMMA = YES;
				CLANG_WARN_CONSTANT_CONVERSION = YES;
				CLANG_WARN_DEPRECATED_OBJC_IMPLEMENTATIONS = YES;
				CLANG_WARN_DIRECT_OBJC_ISA_USAGE = YES_ERROR;
				CLANG_WARN_DOCUMENTATION_COMMENTS = YES;
				CLANG_WARN_EMPTY_BODY = YES;
				CLANG_WARN_ENUM_CONVERSION = YES;
				CLANG_WARN_INFINITE_RECURSION = YES;
				CLANG_WARN_INT_CONVERSION = YES;
				CLANG_WARN_NON_LITERAL_NULL_CONVERSION = YES;
				CLANG_WARN_OBJC_IMPLICIT_RETAIN_SELF = YES;
				CLANG_WARN_OBJC_LITERAL_CONVERSION = YES;
				CLANG_WARN_OBJC_ROOT_CLASS = YES_ERROR;
				CLANG_WARN_RANGE_LOOP_ANALYSIS = YES;
				CLANG_WARN_STRICT_PROTOTYPES = YES;
				CLANG_WARN_SUSPICIOUS_MOVE = YES;
				CLANG_WARN_UNGUARDED_AVAILABILITY = YES_AGGRESSIVE;
				CLANG_WARN_UNREACHABLE_CODE = YES;
				CLANG_WARN__DUPLICATE_METHOD_MATCH = YES;
				COPY_PHASE_STRIP = NO;
				DEBUG_INFORMATION_FORMAT = "dwarf-with-dsym";
				ENABLE_NS_ASSERTIONS = NO;
				ENABLE_STRICT_OBJC_MSGSEND = YES;
				GCC_C_LANGUAGE_STANDARD = gnu11;
				GCC_NO_COMMON_BLOCKS = YES;
				GCC_WARN_64_TO_32_BIT_CONVERSION = YES;
				GCC_WARN_ABOUT_RETURN_TYPE = YES_ERROR;
				GCC_WARN_UNDECLARED_SELECTOR = YES;
				GCC_WARN_UNINITIALIZED_AUTOS = YES_AGGRESSIVE;
				GCC_WARN_UNUSED_FUNCTION = YES;
				GCC_WARN_UNUSED_VARIABLE = YES;
				IPHONEOS_DEPLOYMENT_TARGET = 13.5;
				MTL_ENABLE_DEBUG_INFO = NO;
				MTL_FAST_MATH = YES;
				SDKROOT = iphoneos;
				VALIDATE_PRODUCT = YES;
			};
			name = Release;
		};
		437B887F24BF62B60073C533 /* Debug */ = {
			isa = XCBuildConfiguration;
			buildSettings = {
				ASSETCATALOG_COMPILER_APPICON_NAME = AppIcon;
				CODE_SIGN_STYLE = Automatic;
				DEVELOPMENT_TEAM = 7DF23RMRWS;
				INFOPLIST_FILE = Elevate/Info.plist;
				LD_RUNPATH_SEARCH_PATHS = (
					"$(inherited)",
					"@executable_path/Frameworks",
				);
				PRODUCT_BUNDLE_IDENTIFIER = codePath.Elevate;
				PRODUCT_NAME = "$(TARGET_NAME)";
				TARGETED_DEVICE_FAMILY = "1,2";
			};
			name = Debug;
		};
		437B888024BF62B60073C533 /* Release */ = {
			isa = XCBuildConfiguration;
			buildSettings = {
				ASSETCATALOG_COMPILER_APPICON_NAME = AppIcon;
				CODE_SIGN_STYLE = Automatic;
				DEVELOPMENT_TEAM = 7DF23RMRWS;
				INFOPLIST_FILE = Elevate/Info.plist;
				LD_RUNPATH_SEARCH_PATHS = (
					"$(inherited)",
					"@executable_path/Frameworks",
				);
				PRODUCT_BUNDLE_IDENTIFIER = codePath.Elevate;
				PRODUCT_NAME = "$(TARGET_NAME)";
				TARGETED_DEVICE_FAMILY = "1,2";
			};
			name = Release;
		};
		437B888224BF62B60073C533 /* Debug */ = {
			isa = XCBuildConfiguration;
			buildSettings = {
				BUNDLE_LOADER = "$(TEST_HOST)";
				CODE_SIGN_STYLE = Automatic;
				DEVELOPMENT_TEAM = 7DF23RMRWS;
				INFOPLIST_FILE = ElevateTests/Info.plist;
				IPHONEOS_DEPLOYMENT_TARGET = 13.5;
				LD_RUNPATH_SEARCH_PATHS = (
					"$(inherited)",
					"@executable_path/Frameworks",
					"@loader_path/Frameworks",
				);
				PRODUCT_BUNDLE_IDENTIFIER = codePath.ElevateTests;
				PRODUCT_NAME = "$(TARGET_NAME)";
				TARGETED_DEVICE_FAMILY = "1,2";
				TEST_HOST = "$(BUILT_PRODUCTS_DIR)/Elevate.app/Elevate";
			};
			name = Debug;
		};
		437B888324BF62B60073C533 /* Release */ = {
			isa = XCBuildConfiguration;
			buildSettings = {
				BUNDLE_LOADER = "$(TEST_HOST)";
				CODE_SIGN_STYLE = Automatic;
				DEVELOPMENT_TEAM = 7DF23RMRWS;
				INFOPLIST_FILE = ElevateTests/Info.plist;
				IPHONEOS_DEPLOYMENT_TARGET = 13.5;
				LD_RUNPATH_SEARCH_PATHS = (
					"$(inherited)",
					"@executable_path/Frameworks",
					"@loader_path/Frameworks",
				);
				PRODUCT_BUNDLE_IDENTIFIER = codePath.ElevateTests;
				PRODUCT_NAME = "$(TARGET_NAME)";
				TARGETED_DEVICE_FAMILY = "1,2";
				TEST_HOST = "$(BUILT_PRODUCTS_DIR)/Elevate.app/Elevate";
			};
			name = Release;
		};
		437B888524BF62B60073C533 /* Debug */ = {
			isa = XCBuildConfiguration;
			buildSettings = {
				CODE_SIGN_STYLE = Automatic;
				DEVELOPMENT_TEAM = 7DF23RMRWS;
				INFOPLIST_FILE = ElevateUITests/Info.plist;
				LD_RUNPATH_SEARCH_PATHS = (
					"$(inherited)",
					"@executable_path/Frameworks",
					"@loader_path/Frameworks",
				);
				PRODUCT_BUNDLE_IDENTIFIER = codePath.ElevateUITests;
				PRODUCT_NAME = "$(TARGET_NAME)";
				TARGETED_DEVICE_FAMILY = "1,2";
				TEST_TARGET_NAME = Elevate;
			};
			name = Debug;
		};
		437B888624BF62B60073C533 /* Release */ = {
			isa = XCBuildConfiguration;
			buildSettings = {
				CODE_SIGN_STYLE = Automatic;
				DEVELOPMENT_TEAM = 7DF23RMRWS;
				INFOPLIST_FILE = ElevateUITests/Info.plist;
				LD_RUNPATH_SEARCH_PATHS = (
					"$(inherited)",
					"@executable_path/Frameworks",
					"@loader_path/Frameworks",
				);
				PRODUCT_BUNDLE_IDENTIFIER = codePath.ElevateUITests;
				PRODUCT_NAME = "$(TARGET_NAME)";
				TARGETED_DEVICE_FAMILY = "1,2";
				TEST_TARGET_NAME = Elevate;
			};
			name = Release;
		};
/* End XCBuildConfiguration section */

/* Begin XCConfigurationList section */
		437B884A24BF62B40073C533 /* Build configuration list for PBXProject "Elevate" */ = {
			isa = XCConfigurationList;
			buildConfigurations = (
				437B887C24BF62B60073C533 /* Debug */,
				437B887D24BF62B60073C533 /* Release */,
			);
			defaultConfigurationIsVisible = 0;
			defaultConfigurationName = Release;
		};
		437B887E24BF62B60073C533 /* Build configuration list for PBXNativeTarget "Elevate" */ = {
			isa = XCConfigurationList;
			buildConfigurations = (
				437B887F24BF62B60073C533 /* Debug */,
				437B888024BF62B60073C533 /* Release */,
			);
			defaultConfigurationIsVisible = 0;
			defaultConfigurationName = Release;
		};
		437B888124BF62B60073C533 /* Build configuration list for PBXNativeTarget "ElevateTests" */ = {
			isa = XCConfigurationList;
			buildConfigurations = (
				437B888224BF62B60073C533 /* Debug */,
				437B888324BF62B60073C533 /* Release */,
			);
			defaultConfigurationIsVisible = 0;
			defaultConfigurationName = Release;
		};
		437B888424BF62B60073C533 /* Build configuration list for PBXNativeTarget "ElevateUITests" */ = {
			isa = XCConfigurationList;
			buildConfigurations = (
				437B888524BF62B60073C533 /* Debug */,
				437B888624BF62B60073C533 /* Release */,
			);
			defaultConfigurationIsVisible = 0;
			defaultConfigurationName = Release;
		};
/* End XCConfigurationList section */
	};
	rootObject = 437B884724BF62B40073C533 /* Project object */;
}
